
Microsoft Visual Studio Solution File, Format Version 12.00
# Visual Studio 15
VisualStudioVersion = 15.0.28307.421
MinimumVisualStudioVersion = 10.0.40219.1
Project("{FAE04EC0-301F-11D3-BF4B-00C04F79EFBC}") = "API_Act6", "API_Act6\API_Act6.csproj", "{F8957643-C192-4F44-A539-05F9C1ED5B81}"
EndProject
Global
	GlobalSection(SolutionConfigurationPlatforms) = preSolution
		Debug|Any CPU = Debug|Any CPU
		Release|Any CPU = Release|Any CPU
	EndGlobalSection
	GlobalSection(ProjectConfigurationPlatforms) = postSolution
		{F8957643-C192-4F44-A539-05F9C1ED5B81}.Debug|Any CPU.ActiveCfg = Debug|Any CPU
		{F8957643-C192-4F44-A539-05F9C1ED5B81}.Debug|Any CPU.Build.0 = Debug|Any CPU
		{F8957643-C192-4F44-A539-05F9C1ED5B81}.Release|Any CPU.ActiveCfg = Release|Any CPU
		{F8957643-C192-4F44-A539-05F9C1ED5B81}.Release|Any CPU.Build.0 = Release|Any CPU
	EndGlobalSection
	GlobalSection(SolutionProperties) = preSolution
		HideSolutionNode = FALSE
	EndGlobalSection
	GlobalSection(ExtensibilityGlobals) = postSolution
		SolutionGuid = {5CEA09CC-1448-459C-B763-B9A72783AB6D}
	EndGlobalSection
EndGlobal
